
Microsoft Visual Studio Solution File, Format Version 12.00
# Visual Studio Version 17
VisualStudioVersion = 17.14.37027.9 d17.14
MinimumVisualStudioVersion = 10.0.40219.1
Project("{FAE04EC0-301F-11D3-BF4B-00C04F79EFBC}") = "NetPractice", "NetPractice.csproj", "{D6DCE862-6CDD-448B-8756-00DDE1C84344}"
EndProject
Global
	GlobalSection(SolutionConfigurationPlatforms) = preSolution
		Debug|Any CPU = Debug|Any CPU
		Release|Any CPU = Release|Any CPU
	EndGlobalSection
	GlobalSection(ProjectConfigurationPlatforms) = postSolution
		{D6DCE862-6CDD-448B-8756-00DDE1C84344}.Debug|Any CPU.ActiveCfg = Debug|Any CPU
		{D6DCE862-6CDD-448B-8756-00DDE1C84344}.Debug|Any CPU.Build.0 = Debug|Any CPU
		{D6DCE862-6CDD-448B-8756-00DDE1C84344}.Release|Any CPU.ActiveCfg = Release|Any CPU
		{D6DCE862-6CDD-448B-8756-00DDE1C84344}.Release|Any CPU.Build.0 = Release|Any CPU
	EndGlobalSection
	GlobalSection(SolutionProperties) = preSolution
		HideSolutionNode = FALSE
	EndGlobalSection
	GlobalSection(ExtensibilityGlobals) = postSolution
		SolutionGuid = {EAFC0854-58E2-41F8-8817-56EC8BEA9CFC}
	EndGlobalSection
EndGlobal
